
Microsoft Visual Studio Solution File, Format Version 12.00
# Visual Studio Version 17
VisualStudioVersion = 17.8.34330.188
MinimumVisualStudioVersion = 10.0.40219.1
Project("{9A19103F-16F7-4668-BE54-9A1E7A4F7556}") = "Order.API", "Order.API\Order.API.csproj", "{4253E801-6624-4AF3-A23B-188B1AB9EDF4}"
EndProject
Project("{9A19103F-16F7-4668-BE54-9A1E7A4F7556}") = "Order.Application", "Order.Application\Order.Application.csproj", "{AF599FB5-69E8-4767-9724-B6A475387DB1}"
EndProject
Project("{9A19103F-16F7-4668-BE54-9A1E7A4F7556}") = "Order.Domain", "Order.Domain\Order.Domain.csproj", "{2CF8BE9B-EC9C-4460-A2D3-80404ECE9979}"
EndProject
Project("{9A19103F-16F7-4668-BE54-9A1E7A4F7556}") = "Order.Infrastructure", "Order.Infrastructure\Order.Infrastructure.csproj", "{BCD73F6E-562E-488D-B1FC-589994D81564}"
EndProject
Project("{9A19103F-16F7-4668-BE54-9A1E7A4F7556}") = "Order.Test", "Order.Test\Order.Test.csproj", "{17B865B5-0895-4F16-81C2-42ECB049F40F}"
EndProject
Global
	GlobalSection(SolutionConfigurationPlatforms) = preSolution
		Debug|Any CPU = Debug|Any CPU
		Release|Any CPU = Release|Any CPU
	EndGlobalSection
	GlobalSection(ProjectConfigurationPlatforms) = postSolution
		{4253E801-6624-4AF3-A23B-188B1AB9EDF4}.Debug|Any CPU.ActiveCfg = Debug|Any CPU
		{4253E801-6624-4AF3-A23B-188B1AB9EDF4}.Debug|Any CPU.Build.0 = Debug|Any CPU
		{4253E801-6624-4AF3-A23B-188B1AB9EDF4}.Release|Any CPU.ActiveCfg = Release|Any CPU
		{4253E801-6624-4AF3-A23B-188B1AB9EDF4}.Release|Any CPU.Build.0 = Release|Any CPU
		{AF599FB5-69E8-4767-9724-B6A475387DB1}.Debug|Any CPU.ActiveCfg = Debug|Any CPU
		{AF599FB5-69E8-4767-9724-B6A475387DB1}.Debug|Any CPU.Build.0 = Debug|Any CPU
		{AF599FB5-69E8-4767-9724-B6A475387DB1}.Release|Any CPU.ActiveCfg = Release|Any CPU
		{AF599FB5-69E8-4767-9724-B6A475387DB1}.Release|Any CPU.Build.0 = Release|Any CPU
		{2CF8BE9B-EC9C-4460-A2D3-80404ECE9979}.Debug|Any CPU.ActiveCfg = Debug|Any CPU
		{2CF8BE9B-EC9C-4460-A2D3-80404ECE9979}.Debug|Any CPU.Build.0 = Debug|Any CPU
		{2CF8BE9B-EC9C-4460-A2D3-80404ECE9979}.Release|Any CPU.ActiveCfg = Release|Any CPU
		{2CF8BE9B-EC9C-4460-A2D3-80404ECE9979}.Release|Any CPU.Build.0 = Release|Any CPU
		{BCD73F6E-562E-488D-B1FC-589994D81564}.Debug|Any CPU.ActiveCfg = Debug|Any CPU
		{BCD73F6E-562E-488D-B1FC-589994D81564}.Debug|Any CPU.Build.0 = Debug|Any CPU
		{BCD73F6E-562E-488D-B1FC-589994D81564}.Release|Any CPU.ActiveCfg = Release|Any CPU
		{BCD73F6E-562E-488D-B1FC-589994D81564}.Release|Any CPU.Build.0 = Release|Any CPU
		{17B865B5-0895-4F16-81C2-42ECB049F40F}.Debug|Any CPU.ActiveCfg = Debug|Any CPU
		{17B865B5-0895-4F16-81C2-42ECB049F40F}.Debug|Any CPU.Build.0 = Debug|Any CPU
		{17B865B5-0895-4F16-81C2-42ECB049F40F}.Release|Any CPU.ActiveCfg = Release|Any CPU
		{17B865B5-0895-4F16-81C2-42ECB049F40F}.Release|Any CPU.Build.0 = Release|Any CPU
	EndGlobalSection
	GlobalSection(SolutionProperties) = preSolution
		HideSolutionNode = FALSE
	EndGlobalSection
	GlobalSection(ExtensibilityGlobals) = postSolution
		SolutionGuid = {5AECC808-641A-40DC-BD70-B294F77FD04B}
	EndGlobalSection
EndGlobal
